
Microsoft Visual Studio Solution File, Format Version 12.00
# Visual Studio Version 17
VisualStudioVersion = 17.2.32519.379
MinimumVisualStudioVersion = 10.0.40219.1
Project("{9A19103F-16F7-4668-BE54-9A1E7A4F7556}") = "Producer.Api", "Producer.Api\Producer.Api.csproj", "{2CEC0958-99DC-4E85-8460-7B7E3781A5CA}"
EndProject
Project("{9A19103F-16F7-4668-BE54-9A1E7A4F7556}") = "Consumer.Api", "Consumer.Api\Consumer.Api.csproj", "{6A73742A-603D-47FC-889B-036431862E4A}"
EndProject
Project("{FAE04EC0-301F-11D3-BF4B-00C04F79EFBC}") = "Models", "Models\Models.csproj", "{683046D1-4780-417D-A037-62500B9B7D10}"
EndProject
Global
	GlobalSection(SolutionConfigurationPlatforms) = preSolution
		Debug|Any CPU = Debug|Any CPU
		Release|Any CPU = Release|Any CPU
	EndGlobalSection
	GlobalSection(ProjectConfigurationPlatforms) = postSolution
		{2CEC0958-99DC-4E85-8460-7B7E3781A5CA}.Debug|Any CPU.ActiveCfg = Debug|Any CPU
		{2CEC0958-99DC-4E85-8460-7B7E3781A5CA}.Debug|Any CPU.Build.0 = Debug|Any CPU
		{2CEC0958-99DC-4E85-8460-7B7E3781A5CA}.Release|Any CPU.ActiveCfg = Release|Any CPU
		{2CEC0958-99DC-4E85-8460-7B7E3781A5CA}.Release|Any CPU.Build.0 = Release|Any CPU
		{6A73742A-603D-47FC-889B-036431862E4A}.Debug|Any CPU.ActiveCfg = Debug|Any CPU
		{6A73742A-603D-47FC-889B-036431862E4A}.Debug|Any CPU.Build.0 = Debug|Any CPU
		{6A73742A-603D-47FC-889B-036431862E4A}.Release|Any CPU.ActiveCfg = Release|Any CPU
		{6A73742A-603D-47FC-889B-036431862E4A}.Release|Any CPU.Build.0 = Release|Any CPU
		{683046D1-4780-417D-A037-62500B9B7D10}.Debug|Any CPU.ActiveCfg = Debug|Any CPU
		{683046D1-4780-417D-A037-62500B9B7D10}.Debug|Any CPU.Build.0 = Debug|Any CPU
		{683046D1-4780-417D-A037-62500B9B7D10}.Release|Any CPU.ActiveCfg = Release|Any CPU
		{683046D1-4780-417D-A037-62500B9B7D10}.Release|Any CPU.Build.0 = Release|Any CPU
	EndGlobalSection
	GlobalSection(SolutionProperties) = preSolution
		HideSolutionNode = FALSE
	EndGlobalSection
	GlobalSection(ExtensibilityGlobals) = postSolution
		SolutionGuid = {85FC7646-265D-4CDD-B4FC-BDBFD81CF5B6}
	EndGlobalSection
EndGlobal
